
Microsoft Visual Studio Solution File, Format Version 12.00
# Visual Studio Version 16
VisualStudioVersion = 16.0.31112.23
MinimumVisualStudioVersion = 10.0.40219.1
Project("{FAE04EC0-301F-11D3-BF4B-00C04F79EFBC}") = "BitMaze", "BitMaze.csproj", "{AE2BECF0-2266-41E0-82AA-E7554CBDB69E}"
EndProject
Global
	GlobalSection(SolutionConfigurationPlatforms) = preSolution
		Debug|Any CPU = Debug|Any CPU
		Release|Any CPU = Release|Any CPU
	EndGlobalSection
	GlobalSection(ProjectConfigurationPlatforms) = postSolution
		{AE2BECF0-2266-41E0-82AA-E7554CBDB69E}.Debug|Any CPU.ActiveCfg = Debug|Any CPU
		{AE2BECF0-2266-41E0-82AA-E7554CBDB69E}.Debug|Any CPU.Build.0 = Debug|Any CPU
		{AE2BECF0-2266-41E0-82AA-E7554CBDB69E}.Release|Any CPU.ActiveCfg = Release|Any CPU
		{AE2BECF0-2266-41E0-82AA-E7554CBDB69E}.Release|Any CPU.Build.0 = Release|Any CPU
	EndGlobalSection
	GlobalSection(SolutionProperties) = preSolution
		HideSolutionNode = FALSE
	EndGlobalSection
	GlobalSection(ExtensibilityGlobals) = postSolution
		SolutionGuid = {67059A2D-54E8-49FD-9018-51C399F26AEB}
	EndGlobalSection
EndGlobal
